# THIS IS AN AUTOGENERATED FILE. DO NOT EDIT THIS FILE DIRECTLY.
# yarn lockfile v1


acorn@^5.1.1:
  version "5.7.4"
  resolved "https://registry.yarnpkg.com/acorn/-/acorn-5.7.4.tgz#3e8d8a9947d0599a1796d10225d7432f4a4acf5e"
  integrity sha512-1D++VG7BhrtvQpNbBzovKNc1FLGGEE/oGe7b9xJm/RFHMBeUaUGpluV9RLjZa47YFdPcDAenEYuq9pQPcMdLJg==

brain.js@^2.0.0-beta.15:
  version "2.0.0-beta.15"
  resolved "https://registry.yarnpkg.com/brain.js/-/brain.js-2.0.0-beta.15.tgz#e2818fa2591e56bab1b83c5b356a7808be60a954"
  integrity sha512-iN3boP3ZqvN1/WeoRY4wIV5bLX8CEUbKAkDQcjt7t5Qcea6yjCkTQgJ5TzkpBVdsyzRL6Lj1E7TO+/5STzvCKg==
  dependencies:
    thaw.js "^2.1.4"

gpu.js@1.4.9:
  version "1.4.9"
  resolved "https://registry.yarnpkg.com/gpu.js/-/gpu.js-1.4.9.tgz#a414d341e2ca113b458b3c7461e2fe939904be87"
  integrity sha512-B+uTtH6drv7ZnRTmTEPMDyKkaga+zm18ewSRLNasFzMVNNON0ztj3/0KDj3Hq+v0x1fXahqwV/lBGrt1hr3zKQ==
  dependencies:
    acorn "^5.1.1"

mnist@^1.1.0:
  version "1.1.0"
  resolved "https://registry.yarnpkg.com/mnist/-/mnist-1.1.0.tgz#b83efc6af88d8db53b196665acdb50cf524bd2ba"
  integrity sha512-x+SfS5tSJnOEjad6jkuL91Cuq9EAVmy1IYt6vdWEsYCjJZsj0oB2xCq+sg5cgiEt9W+xBT31q9IwI2h7h1VtOw==

synaptic@^1.1.4:
  version "1.1.4"
  resolved "https://registry.yarnpkg.com/synaptic/-/synaptic-1.1.4.tgz#b058163e2e86a3f86fc964ab792496c0642c13d7"
  integrity sha512-JFtU98VDFI0uBTowgySo+UUEkc7rSVHaxx9D6dR5BK6u81G7uAxcp32Gi2SHciLpFbvJVd1Pfz7aqSNQO4EH9Q==

thaw.js@^2.1.4:
  version "2.1.4"
  resolved "https://registry.npmjs.org/thaw.js/-/thaw.js-2.1.4.tgz"
  integrity sha512-si9DSzEzOBUpbE41wE4Q6NXzXDYZfrniYocrduNtNDwLWj1Auueq8UzgePMQa5gfcQtVCG2OmlCTaHldtno3Vw==
